
Microsoft Visual Studio Solution File, Format Version 12.00
# Visual Studio Version 16
VisualStudioVersion = 16.0.31112.23
MinimumVisualStudioVersion = 10.0.40219.1
Project("{FAE04EC0-301F-11D3-BF4B-00C04F79EFBC}") = "Game", "Game.csproj", "{FAC783AC-768E-4CED-A616-DD42685E2927}"
EndProject
Project("{2150E333-8FDC-42A3-9474-1A3956D46DE8}") = "Solution Items", "Solution Items", "{B3D27FAE-2182-4FE7-8461-E722D60400E4}"
	ProjectSection(SolutionItems) = preProject
		.editorconfig = .editorconfig
	EndProjectSection
EndProject
Global
	GlobalSection(SolutionConfigurationPlatforms) = preSolution
		Debug|Any CPU = Debug|Any CPU
		Release|Any CPU = Release|Any CPU
	EndGlobalSection
	GlobalSection(ProjectConfigurationPlatforms) = postSolution
		{FAC783AC-768E-4CED-A616-DD42685E2927}.Debug|Any CPU.ActiveCfg = Debug|Any CPU
		{FAC783AC-768E-4CED-A616-DD42685E2927}.Debug|Any CPU.Build.0 = Debug|Any CPU
		{FAC783AC-768E-4CED-A616-DD42685E2927}.Release|Any CPU.ActiveCfg = Release|Any CPU
		{FAC783AC-768E-4CED-A616-DD42685E2927}.Release|Any CPU.Build.0 = Release|Any CPU
	EndGlobalSection
	GlobalSection(SolutionProperties) = preSolution
		HideSolutionNode = FALSE
	EndGlobalSection
	GlobalSection(ExtensibilityGlobals) = postSolution
		SolutionGuid = {1A9E31FE-A1D9-471F-BF52-82A2C2539107}
	EndGlobalSection
EndGlobal
